
Microsoft Visual Studio Solution File, Format Version 12.00
# Visual Studio 2012
Project("{FAE04EC0-301F-11D3-BF4B-00C04F79EFBC}") = "WindowsFormsApplication1", "WindowsFormsApplication1\WindowsFormsApplication1.csproj", "{CA14D690-0EBB-4C9C-B66A-F6E531504E39}"
EndProject
Project("{2150E333-8FDC-42A3-9474-1A3956D46DE8}") = "Solution Items", "Solution Items", "{DED2DD6B-FFB1-413B-9377-1FE57E9D56BD}"
EndProject
Global
	GlobalSection(SolutionConfigurationPlatforms) = preSolution
		Debug|Any CPU = Debug|Any CPU
		Release|Any CPU = Release|Any CPU
	EndGlobalSection
	GlobalSection(ProjectConfigurationPlatforms) = postSolution
		{CA14D690-0EBB-4C9C-B66A-F6E531504E39}.Debug|Any CPU.ActiveCfg = Debug|Any CPU
		{CA14D690-0EBB-4C9C-B66A-F6E531504E39}.Debug|Any CPU.Build.0 = Debug|Any CPU
		{CA14D690-0EBB-4C9C-B66A-F6E531504E39}.Release|Any CPU.ActiveCfg = Release|Any CPU
		{CA14D690-0EBB-4C9C-B66A-F6E531504E39}.Release|Any CPU.Build.0 = Release|Any CPU
	EndGlobalSection
	GlobalSection(SolutionProperties) = preSolution
		HideSolutionNode = FALSE
	EndGlobalSection
EndGlobal
